# THIS IS AN AUTOGENERATED FILE. DO NOT EDIT THIS FILE DIRECTLY.
# yarn lockfile v1


"@marp-team/marp-core@^2.1.1":
  version "2.1.1"
  resolved "https://registry.yarnpkg.com/@marp-team/marp-core/-/marp-core-2.1.1.tgz#444fb1ca9c54ee66e9081a612e83dce9d532171d"
  integrity sha512-RT3PDOGByu1lP2R46Kt7I/8KJQYwUnbAyF62IazxfZ8QHJWgI24MezEbkF5syjZ7+IaWJvHrobL7p29Y8zPQKQ==
  dependencies:
    "@marp-team/marpit" "^2.1.1"
    "@marp-team/marpit-svg-polyfill" "^1.7.1"
    emoji-regex "^9.2.2"
    highlight.js "^10.7.3"
    katex "^0.13.13"
    markdown-it-emoji "^2.0.0"
    mathjax-full "^3.2.0"
    postcss "^8.3.6"
    postcss-minify-params "^5.0.1"
    postcss-minify-selectors "^5.1.0"
    postcss-normalize-whitespace "^5.0.1"
    twemoji "^13.1.0"
    xss "^1.0.9"

"@marp-team/marpit-svg-polyfill@^1.7.1":
  version "1.7.1"
  resolved "https://registry.yarnpkg.com/@marp-team/marpit-svg-polyfill/-/marpit-svg-polyfill-1.7.1.tgz#be98fcd3758c2be60980dc31f17116a90262cf03"
  integrity sha512-dSZLyPNzBY+lrcIPF1dC9dcYcU3MPFigtjQDxLZP48uWq5oaMSnPLGtDsiDjlqVHk6MAmMuw7qy1i4+tt9HhpA==

"@marp-team/marpit@^2.1.1":
  version "2.1.1"
  resolved "https://registry.yarnpkg.com/@marp-team/marpit/-/marpit-2.1.1.tgz#916b82a0074500202a5d9137b1447507525f9dbe"
  integrity sha512-purTdrC6tj9NGQMFcRg8pycIAhihdqtOgE3mFteyKmyjK+DxU00vLMB4RVD3mewfuhNd5367Y5gmHek/0KlcBw==
  dependencies:
    color-string "^1.6.0"
    cssesc "^3.0.0"
    js-yaml "^4.1.0"
    lodash.kebabcase "^4.1.1"
    markdown-it "^12.2.0"
    markdown-it-front-matter "^0.2.3"
    postcss "^8.3.6"

"@stimulus/core@^2.0.0":
  version "2.0.0"
  resolved "https://registry.yarnpkg.com/@stimulus/core/-/core-2.0.0.tgz#140c85318d6a8a8210c0faf182223b8459348877"
  integrity sha512-ff70GafKtzc8zQ1/cG+UvL06GcifPWovf2wBEdjLMh9xO2GOYURO3y2RYgzIGYUIBefQwyfX2CLfJdZFJrEPTw==
  dependencies:
    "@stimulus/mutation-observers" "^2.0.0"

"@stimulus/multimap@^2.0.0":
  version "2.0.0"
  resolved "https://registry.yarnpkg.com/@stimulus/multimap/-/multimap-2.0.0.tgz#420cfa096ed6538df4a91dbd2b2842c1779952b2"
  integrity sha512-pMBCewkZCFVB3e5mEMoyO9+9aKzHDITmf3OnPun51YWxlcPdHcwbjqm1ylK63fsoduIE+RowBpFwFqd3poEz4w==

"@stimulus/mutation-observers@^2.0.0":
  version "2.0.0"
  resolved "https://registry.yarnpkg.com/@stimulus/mutation-observers/-/mutation-observers-2.0.0.tgz#3dbe37453bda47a6c795a90204ee8d77a799fb87"
  integrity sha512-kx4VAJdPhIGBQKGIoUDC2tupEKorG3A+ckc2b1UiwInKTMAC1axOHU8ebcwhaJIxRqIrs8//4SJo9YAAOx6FEg==
  dependencies:
    "@stimulus/multimap" "^2.0.0"

"@stimulus/webpack-helpers@^2.0.0":
  version "2.0.0"
  resolved "https://registry.yarnpkg.com/@stimulus/webpack-helpers/-/webpack-helpers-2.0.0.tgz#54296d2a2dffd4f962d2e802d99a3fdd84b8845f"
  integrity sha512-D6tJWsAC024MwGEIKlUVYU8Ln87mlrmiwHvYAjipg+s8H4eLxUMQ3PZkWyPevfipH+oR3leuHsjYsK1gN5ViQA==

alphanum-sort@^1.0.2:
  version "1.0.2"
  resolved "https://registry.yarnpkg.com/alphanum-sort/-/alphanum-sort-1.0.2.tgz#97a1119649b211ad33691d9f9f486a8ec9fbe0a3"
  integrity sha1-l6ERlkmyEa0zaR2fn0hqjsn74KM=

argparse@^2.0.1:
  version "2.0.1"
  resolved "https://registry.yarnpkg.com/argparse/-/argparse-2.0.1.tgz#246f50f3ca78a3240f6c997e8a9bd1eac49e4b38"
  integrity sha512-8+9WqebbFzpX9OR+Wa6O29asIogeRMzcGtAINdpMHHyAg10f05aSFVBbcEqGf/PXw1EjAZ+q2/bEBg3DvurK3Q==

browserslist@^4.16.0:
  version "4.16.8"
  resolved "https://registry.yarnpkg.com/browserslist/-/browserslist-4.16.8.tgz#cb868b0b554f137ba6e33de0ecff2eda403c4fb0"
  integrity sha512-sc2m9ohR/49sWEbPj14ZSSZqp+kbi16aLao42Hmn3Z8FpjuMaq2xCA2l4zl9ITfyzvnvyE0hcg62YkIGKxgaNQ==
  dependencies:
    caniuse-lite "^1.0.30001251"
    colorette "^1.3.0"
    electron-to-chromium "^1.3.811"
    escalade "^3.1.1"
    node-releases "^1.1.75"

caniuse-lite@^1.0.30001251:
  version "1.0.30001252"
  resolved "https://registry.yarnpkg.com/caniuse-lite/-/caniuse-lite-1.0.30001252.tgz#cb16e4e3dafe948fc4a9bb3307aea054b912019a"
  integrity sha512-I56jhWDGMtdILQORdusxBOH+Nl/KgQSdDmpJezYddnAkVOmnoU8zwjTV9xAjMIYxr0iPreEAVylCGcmHCjfaOw==

color-name@^1.0.0:
  version "1.1.4"
  resolved "https://registry.yarnpkg.com/color-name/-/color-name-1.1.4.tgz#c2a09a87acbde69543de6f63fa3995c826c536a2"
  integrity sha512-dOy+3AuW3a2wNbZHIuMZpTcgjGuLU/uBL/ubcZF9OXbDo8ff4O8yVp5Bf0efS8uEoYo5q4Fx7dY9OgQGXgAsQA==

color-string@^1.6.0:
  version "1.6.0"
  resolved "https://registry.yarnpkg.com/color-string/-/color-string-1.6.0.tgz#c3915f61fe267672cb7e1e064c9d692219f6c312"
  integrity sha512-c/hGS+kRWJutUBEngKKmk4iH3sD59MBkoxVapS/0wgpCz2u7XsNloxknyvBhzwEs1IbV36D9PwqLPJ2DTu3vMA==
  dependencies:
    color-name "^1.0.0"
    simple-swizzle "^0.2.2"

colorette@^1.2.2, colorette@^1.3.0:
  version "1.3.0"
  resolved "https://registry.yarnpkg.com/colorette/-/colorette-1.3.0.tgz#ff45d2f0edb244069d3b772adeb04fed38d0a0af"
  integrity sha512-ecORCqbSFP7Wm8Y6lyqMJjexBQqXSF7SSeaTyGGphogUjBlFP9m9o08wy86HL2uB7fMTxtOUzLMk7ogKcxMg1w==

commander@>=7.0.0:
  version "8.1.0"
  resolved "https://registry.yarnpkg.com/commander/-/commander-8.1.0.tgz#db36e3e66edf24ff591d639862c6ab2c52664362"
  integrity sha512-mf45ldcuHSYShkplHHGKWb4TrmwQadxOn7v4WuhDJy0ZVoY5JFajaRDKD0PNe5qXzBX0rhovjTnP6Kz9LETcuA==

commander@^2.20.3:
  version "2.20.3"
  resolved "https://registry.yarnpkg.com/commander/-/commander-2.20.3.tgz#fd485e84c03eb4881c20722ba48035e8531aeb33"
  integrity sha512-GpVkmM8vF2vQUkj2LvZmD35JxeJOLCwJ9cUkugyk2nuhbv3+mJvpLYYt+0+USMxE+oj+ey/lJEnhZw75x/OMcQ==

commander@^6.0.0:
  version "6.2.1"
  resolved "https://registry.yarnpkg.com/commander/-/commander-6.2.1.tgz#0792eb682dfbc325999bb2b84fddddba110ac73c"
  integrity sha512-U7VdrJFnJgo4xjrHpTzu0yrHPGImdsmD95ZlgYSEajAn2JKzDhDTPG9kBTefmObL2w/ngeZnilk+OV9CG3d7UA==

cssesc@^3.0.0:
  version "3.0.0"
  resolved "https://registry.yarnpkg.com/cssesc/-/cssesc-3.0.0.tgz#37741919903b868565e1c09ea747445cd18983ee"
  integrity sha512-/Tb/JcjK111nNScGob5MNtsntNM1aCNUDipB/TkwZFhyDrrE47SOx/18wF2bbjgc3ZzCSKW1T5nt5EbFoAz/Vg==

cssfilter@0.0.10:
  version "0.0.10"
  resolved "https://registry.yarnpkg.com/cssfilter/-/cssfilter-0.0.10.tgz#c6d2672632a2e5c83e013e6864a42ce8defd20ae"
  integrity sha1-xtJnJjKi5cg+AT5oZKQs6N79IK4=

cssnano-utils@^2.0.1:
  version "2.0.1"
  resolved "https://registry.yarnpkg.com/cssnano-utils/-/cssnano-utils-2.0.1.tgz#8660aa2b37ed869d2e2f22918196a9a8b6498ce2"
  integrity sha512-i8vLRZTnEH9ubIyfdZCAdIdgnHAUeQeByEeQ2I7oTilvP9oHO6RScpeq3GsFUVqeB8uZgOQ9pw8utofNn32hhQ==

electron-to-chromium@^1.3.811:
  version "1.3.822"
  resolved "https://registry.yarnpkg.com/electron-to-chromium/-/electron-to-chromium-1.3.822.tgz#7036edc7f669b0aa79e9801dc5f56866c6ddc0b2"
  integrity sha512-k7jG5oYYHxF4jx6PcqwHX3JVME/OjzolqOZiIogi9xtsfsmTjTdie4x88OakYFPEa8euciTgCCzvVNwvmjHb1Q==

emoji-regex@^9.2.2:
  version "9.2.2"
  resolved "https://registry.yarnpkg.com/emoji-regex/-/emoji-regex-9.2.2.tgz#840c8803b0d8047f4ff0cf963176b32d4ef3ed72"
  integrity sha512-L18DaJsXSUk2+42pv8mLs5jJT2hqFkFE4j21wOmgbUqsZ2hL72NsUU785g9RXgo3s0ZNgVl42TiHp3ZtOv/Vyg==

entities@~2.1.0:
  version "2.1.0"
  resolved "https://registry.yarnpkg.com/entities/-/entities-2.1.0.tgz#992d3129cf7df6870b96c57858c249a120f8b8b5"
  integrity sha512-hCx1oky9PFrJ611mf0ifBLBRW8lUUVRlFolb5gWRfIELabBlbp9xZvrqZLZAs+NxFnbfQoeGd8wDkygjg7U85w==

escalade@^3.1.1:
  version "3.1.1"
  resolved "https://registry.yarnpkg.com/escalade/-/escalade-3.1.1.tgz#d8cfdc7000965c5a0174b4a82eaa5c0552742e40"
  integrity sha512-k0er2gUkLf8O0zKJiAhmkTnJlTvINGv7ygDNPbeIsX/TJjGJZHuh9B2UxbsaEkmlEo9MfhrSzmhIlhRlI2GXnw==

esm@^3.2.25:
  version "3.2.25"
  resolved "https://registry.yarnpkg.com/esm/-/esm-3.2.25.tgz#342c18c29d56157688ba5ce31f8431fbb795cc10"
  integrity sha512-U1suiZ2oDVWv4zPO56S0NcR5QriEahGtdN2OR6FiOG4WJvcjBVFB0qI4+eKoWFH483PKGuLuu6V8Z4T5g63UVA==

fs-extra@^8.0.1:
  version "8.1.0"
  resolved "https://registry.yarnpkg.com/fs-extra/-/fs-extra-8.1.0.tgz#49d43c45a88cd9677668cb7be1b46efdb8d2e1c0"
  integrity sha512-yhlQgA6mnOJUKOsRUFsgJdQCvkKhcz8tlZG5HBQfReYZy46OwLcY+Zia0mtdHsOo9y/hP+CxMN0TU9QxoOtG4g==
  dependencies:
    graceful-fs "^4.2.0"
    jsonfile "^4.0.0"
    universalify "^0.1.0"

graceful-fs@^4.1.6, graceful-fs@^4.2.0:
  version "4.2.8"
  resolved "https://registry.yarnpkg.com/graceful-fs/-/graceful-fs-4.2.8.tgz#e412b8d33f5e006593cbd3cee6df9f2cebbe802a"
  integrity sha512-qkIilPUYcNhJpd33n0GBXTB1MMPp14TxEsEs0pTrsSVucApsYzW5V+Q8Qxhik6KU3evy+qkAAowTByymK0avdg==

highlight.js@^10.7.3:
  version "10.7.3"
  resolved "https://registry.yarnpkg.com/highlight.js/-/highlight.js-10.7.3.tgz#697272e3991356e40c3cac566a74eef681756531"
  integrity sha512-tzcUFauisWKNHaRkN4Wjl/ZA07gENAjFl3J/c480dprkGTg5EQstgaNFqBfUqCq54kZRIEcreTsAgF/m2quD7A==

is-arrayish@^0.3.1:
  version "0.3.2"
  resolved "https://registry.yarnpkg.com/is-arrayish/-/is-arrayish-0.3.2.tgz#4574a2ae56f7ab206896fb431eaeed066fdf8f03"
  integrity sha512-eVRqCvVlZbuw3GrM63ovNSNAeA1K16kaR/LRY/92w0zxQ5/1YzwblUX652i4Xs9RwAGjW9d9y6X88t8OaAJfWQ==

js-yaml@^4.1.0:
  version "4.1.0"
  resolved "https://registry.yarnpkg.com/js-yaml/-/js-yaml-4.1.0.tgz#c1fb65f8f5017901cdd2c951864ba18458a10602"
  integrity sha512-wpxZs9NoxZaJESJGIZTyDEaYpl0FKSA+FB9aJiyemKhMwkxQg63h4T1KJgUGHpTqPDNRcmmYLugrRjJlBtWvRA==
  dependencies:
    argparse "^2.0.1"

jsonfile@^4.0.0:
  version "4.0.0"
  resolved "https://registry.yarnpkg.com/jsonfile/-/jsonfile-4.0.0.tgz#8771aae0799b64076b76640fca058f9c10e33ecb"
  integrity sha1-h3Gq4HmbZAdrdmQPygWPnBDjPss=
  optionalDependencies:
    graceful-fs "^4.1.6"

jsonfile@^5.0.0:
  version "5.0.0"
  resolved "https://registry.yarnpkg.com/jsonfile/-/jsonfile-5.0.0.tgz#e6b718f73da420d612823996fdf14a03f6ff6922"
  integrity sha512-NQRZ5CRo74MhMMC3/3r5g2k4fjodJ/wh8MxjFbCViWKFjxrnudWSY5vomh+23ZaXzAS7J3fBZIR2dV6WbmfM0w==
  dependencies:
    universalify "^0.1.2"
  optionalDependencies:
    graceful-fs "^4.1.6"

katex@^0.13.13:
  version "0.13.13"
  resolved "https://registry.yarnpkg.com/katex/-/katex-0.13.13.tgz#15a796e95516869bc6d483443b58b2df872ee40f"
  integrity sha512-cCMcil4jwMm7behpXGiQfXJA29sko/Gd/26iCsr53Dv5Jn2iHbHyEb14dm9uVrIijUXx6Zz1WhlFhHE6DckvkQ==
  dependencies:
    commander "^6.0.0"

linkify-it@^3.0.1:
  version "3.0.2"
  resolved "https://registry.yarnpkg.com/linkify-it/-/linkify-it-3.0.2.tgz#f55eeb8bc1d3ae754049e124ab3bb56d97797fb8"
  integrity sha512-gDBO4aHNZS6coiZCKVhSNh43F9ioIL4JwRjLZPkoLIY4yZFwg264Y5lu2x6rb1Js42Gh6Yqm2f6L2AJcnkzinQ==
  dependencies:
    uc.micro "^1.0.1"

lodash.kebabcase@^4.1.1:
  version "4.1.1"
  resolved "https://registry.yarnpkg.com/lodash.kebabcase/-/lodash.kebabcase-4.1.1.tgz#8489b1cb0d29ff88195cceca448ff6d6cc295c36"
  integrity sha1-hImxyw0p/4gZXM7KRI/21swpXDY=

markdown-it-emoji@^2.0.0:
  version "2.0.0"
  resolved "https://registry.yarnpkg.com/markdown-it-emoji/-/markdown-it-emoji-2.0.0.tgz#3164ad4c009efd946e98274f7562ad611089a231"
  integrity sha512-39j7/9vP/CPCKbEI44oV8yoPJTpvfeReTn/COgRhSpNrjWF3PfP/JUxxB0hxV6ynOY8KH8Y8aX9NMDdo6z+6YQ==

markdown-it-front-matter@^0.2.3:
  version "0.2.3"
  resolved "https://registry.yarnpkg.com/markdown-it-front-matter/-/markdown-it-front-matter-0.2.3.tgz#d6fa0f4b362e02086dd4ce8219fadf3f4c9cfa37"
  integrity sha512-s9+rcClLmZsZc3YL8Awjg/YO/VdphlE20LJ9Bx5a8RAFLI5a1vq6Mll8kOzG6w/wy8yhFLBupaa6Mfd60GATkA==

markdown-it@^12.2.0:
  version "12.2.0"
  resolved "https://registry.yarnpkg.com/markdown-it/-/markdown-it-12.2.0.tgz#091f720fd5db206f80de7a8d1f1a7035fd0d38db"
  integrity sha512-Wjws+uCrVQRqOoJvze4HCqkKl1AsSh95iFAeQDwnyfxM09divCBSXlDR1uTvyUP3Grzpn4Ru8GeCxYPM8vkCQg==
  dependencies:
    argparse "^2.0.1"
    entities "~2.1.0"
    linkify-it "^3.0.1"
    mdurl "^1.0.1"
    uc.micro "^1.0.5"

mathjax-full@^3.2.0:
  version "3.2.0"
  resolved "https://registry.yarnpkg.com/mathjax-full/-/mathjax-full-3.2.0.tgz#e53269842a943d4df10502937518991268996c5c"
  integrity sha512-D2EBNvUG+mJyhn+M1C858k0f2Fc4KxXvbEX2WCMXroV10212JwfYqaBJ336ECBSz5X9L5LRoamxb7AJtg3KaJA==
  dependencies:
    esm "^3.2.25"
    mhchemparser "^4.1.0"
    mj-context-menu "^0.6.1"
    speech-rule-engine "^3.3.3"

mdurl@^1.0.1:
  version "1.0.1"
  resolved "https://registry.yarnpkg.com/mdurl/-/mdurl-1.0.1.tgz#fe85b2ec75a59037f2adfec100fd6c601761152e"
  integrity sha1-/oWy7HWlkDfyrf7BAP1sYBdhFS4=

mhchemparser@^4.1.0:
  version "4.1.1"
  resolved "https://registry.yarnpkg.com/mhchemparser/-/mhchemparser-4.1.1.tgz#a2142fdab37a02ec8d1b48a445059287790becd5"
  integrity sha512-R75CUN6O6e1t8bgailrF1qPq+HhVeFTM3XQ0uzI+mXTybmphy3b6h4NbLOYhemViQ3lUs+6CKRkC3Ws1TlYREA==

mj-context-menu@^0.6.1:
  version "0.6.1"
  resolved "https://registry.yarnpkg.com/mj-context-menu/-/mj-context-menu-0.6.1.tgz#a043c5282bf7e1cf3821de07b13525ca6f85aa69"
  integrity sha512-7NO5s6n10TIV96d4g2uDpG7ZDpIhMh0QNfGdJw/W47JswFcosz457wqz/b5sAKvl12sxINGFCn80NZHKwxQEXA==

nanoid@^3.1.23:
  version "3.1.25"
  resolved "https://registry.yarnpkg.com/nanoid/-/nanoid-3.1.25.tgz#09ca32747c0e543f0e1814b7d3793477f9c8e152"
  integrity sha512-rdwtIXaXCLFAQbnfqDRnI6jaRHp9fTcYBjtFKE8eezcZ7LuLjhUaQGNeMXf1HmRoCH32CLz6XwX0TtxEOS/A3Q==

node-releases@^1.1.75:
  version "1.1.75"
  resolved "https://registry.yarnpkg.com/node-releases/-/node-releases-1.1.75.tgz#6dd8c876b9897a1b8e5a02de26afa79bb54ebbfe"
  integrity sha512-Qe5OUajvqrqDSy6wrWFmMwfJ0jVgwiw4T3KqmbTcZ62qW0gQkheXYhcFM1+lOVcGUoRxcEcfyvFMAnDgaF1VWw==

postcss-minify-params@^5.0.1:
  version "5.0.1"
  resolved "https://registry.yarnpkg.com/postcss-minify-params/-/postcss-minify-params-5.0.1.tgz#371153ba164b9d8562842fdcd929c98abd9e5b6c"
  integrity sha512-4RUC4k2A/Q9mGco1Z8ODc7h+A0z7L7X2ypO1B6V8057eVK6mZ6xwz6QN64nHuHLbqbclkX1wyzRnIrdZehTEHw==
  dependencies:
    alphanum-sort "^1.0.2"
    browserslist "^4.16.0"
    cssnano-utils "^2.0.1"
    postcss-value-parser "^4.1.0"
    uniqs "^2.0.0"

postcss-minify-selectors@^5.1.0:
  version "5.1.0"
  resolved "https://registry.yarnpkg.com/postcss-minify-selectors/-/postcss-minify-selectors-5.1.0.tgz#4385c845d3979ff160291774523ffa54eafd5a54"
  integrity sha512-NzGBXDa7aPsAcijXZeagnJBKBPMYLaJJzB8CQh6ncvyl2sIndLVWfbcDi0SBjRWk5VqEjXvf8tYwzoKf4Z07og==
  dependencies:
    alphanum-sort "^1.0.2"
    postcss-selector-parser "^6.0.5"

postcss-normalize-whitespace@^5.0.1:
  version "5.0.1"
  resolved "https://registry.yarnpkg.com/postcss-normalize-whitespace/-/postcss-normalize-whitespace-5.0.1.tgz#b0b40b5bcac83585ff07ead2daf2dcfbeeef8e9a"
  integrity sha512-iPklmI5SBnRvwceb/XH568yyzK0qRVuAG+a1HFUsFRf11lEJTiQQa03a4RSCQvLKdcpX7XsI1Gen9LuLoqwiqA==
  dependencies:
    postcss-value-parser "^4.1.0"

postcss-selector-parser@^6.0.5:
  version "6.0.6"
  resolved "https://registry.yarnpkg.com/postcss-selector-parser/-/postcss-selector-parser-6.0.6.tgz#2c5bba8174ac2f6981ab631a42ab0ee54af332ea"
  integrity sha512-9LXrvaaX3+mcv5xkg5kFwqSzSH1JIObIx51PrndZwlmznwXRfxMddDvo9gve3gVR8ZTKgoFDdWkbRFmEhT4PMg==
  dependencies:
    cssesc "^3.0.0"
    util-deprecate "^1.0.2"

postcss-value-parser@^4.1.0:
  version "4.1.0"
  resolved "https://registry.yarnpkg.com/postcss-value-parser/-/postcss-value-parser-4.1.0.tgz#443f6a20ced6481a2bda4fa8532a6e55d789a2cb"
  integrity sha512-97DXOFbQJhk71ne5/Mt6cOu6yxsSfM0QGQyl0L25Gca4yGWEGJaig7l7gbCX623VqTBNGLRLaVUCnNkcedlRSQ==

postcss@^8.3.6:
  version "8.3.6"
  resolved "https://registry.yarnpkg.com/postcss/-/postcss-8.3.6.tgz#2730dd76a97969f37f53b9a6096197be311cc4ea"
  integrity sha512-wG1cc/JhRgdqB6WHEuyLTedf3KIRuD0hG6ldkFEZNCjRxiC+3i6kkWUUbiJQayP28iwG35cEmAbe98585BYV0A==
  dependencies:
    colorette "^1.2.2"
    nanoid "^3.1.23"
    source-map-js "^0.6.2"

simple-swizzle@^0.2.2:
  version "0.2.2"
  resolved "https://registry.yarnpkg.com/simple-swizzle/-/simple-swizzle-0.2.2.tgz#a4da6b635ffcccca33f70d17cb92592de95e557a"
  integrity sha1-pNprY1/8zMoz9w0Xy5JZLeleVXo=
  dependencies:
    is-arrayish "^0.3.1"

source-map-js@^0.6.2:
  version "0.6.2"
  resolved "https://registry.yarnpkg.com/source-map-js/-/source-map-js-0.6.2.tgz#0bb5de631b41cfbda6cfba8bd05a80efdfd2385e"
  integrity sha512-/3GptzWzu0+0MBQFrDKzw/DvvMTUORvgY6k6jd/VS6iCR4RDTKWH6v6WPwQoUO8667uQEf9Oe38DxAYWY5F/Ug==

speech-rule-engine@^3.3.3:
  version "3.3.3"
  resolved "https://registry.yarnpkg.com/speech-rule-engine/-/speech-rule-engine-3.3.3.tgz#781ed03cbcf3279f94d1d80241025ea954c6d571"
  integrity sha512-0exWw+0XauLjat+f/aFeo5T8SiDsO1JtwpY3qgJE4cWt+yL/Stl0WP4VNDWdh7lzGkubUD9lWP4J1ASnORXfyQ==
  dependencies:
    commander ">=7.0.0"
    wicked-good-xpath "^1.3.0"
    xmldom-sre "^0.1.31"

stimulus@^2.0.0:
  version "2.0.0"
  resolved "https://registry.yarnpkg.com/stimulus/-/stimulus-2.0.0.tgz#713c8b91a72ef90914b90955f0e705f004403047"
  integrity sha512-xipy7BS5TVpg4fX6S8LhrYZp7cmHGjmk09WSAiVx1gF5S5g43IWsuetfUhIk8HfHUG+4MQ9nY0FQz4dRFLs/8w==
  dependencies:
    "@stimulus/core" "^2.0.0"
    "@stimulus/webpack-helpers" "^2.0.0"

twemoji-parser@13.1.0:
  version "13.1.0"
  resolved "https://registry.yarnpkg.com/twemoji-parser/-/twemoji-parser-13.1.0.tgz#65e7e449c59258791b22ac0b37077349127e3ea4"
  integrity sha512-AQOzLJpYlpWMy8n+0ATyKKZzWlZBJN+G0C+5lhX7Ftc2PeEVdUU/7ns2Pn2vVje26AIZ/OHwFoUbdv6YYD/wGg==

twemoji@^13.1.0:
  version "13.1.0"
  resolved "https://registry.yarnpkg.com/twemoji/-/twemoji-13.1.0.tgz#65bb71e966dae56f0d42c30176f04cbdae109913"
  integrity sha512-e3fZRl2S9UQQdBFLYXtTBT6o4vidJMnpWUAhJA+yLGR+kaUTZAt3PixC0cGvvxWSuq2MSz/o0rJraOXrWw/4Ew==
  dependencies:
    fs-extra "^8.0.1"
    jsonfile "^5.0.0"
    twemoji-parser "13.1.0"
    universalify "^0.1.2"

uc.micro@^1.0.1, uc.micro@^1.0.5:
  version "1.0.6"
  resolved "https://registry.yarnpkg.com/uc.micro/-/uc.micro-1.0.6.tgz#9c411a802a409a91fc6cf74081baba34b24499ac"
  integrity sha512-8Y75pvTYkLJW2hWQHXxoqRgV7qb9B+9vFEtidML+7koHUFapnVJAZ6cKs+Qjz5Aw3aZWHMC6u0wJE3At+nSGwA==

uniqs@^2.0.0:
  version "2.0.0"
  resolved "https://registry.yarnpkg.com/uniqs/-/uniqs-2.0.0.tgz#ffede4b36b25290696e6e165d4a59edb998e6b02"
  integrity sha1-/+3ks2slKQaW5uFl1KWe25mOawI=

universalify@^0.1.0, universalify@^0.1.2:
  version "0.1.2"
  resolved "https://registry.yarnpkg.com/universalify/-/universalify-0.1.2.tgz#b646f69be3942dabcecc9d6639c80dc105efaa66"
  integrity sha512-rBJeI5CXAlmy1pV+617WB9J63U6XcazHHF2f2dbJix4XzpUF0RS3Zbj0FGIOCAva5P/d/GBOYaACQ1w+0azUkg==

util-deprecate@^1.0.2:
  version "1.0.2"
  resolved "https://registry.yarnpkg.com/util-deprecate/-/util-deprecate-1.0.2.tgz#450d4dc9fa70de732762fbd2d4a28981419a0ccf"
  integrity sha1-RQ1Nyfpw3nMnYvvS1KKJgUGaDM8=

wicked-good-xpath@^1.3.0:
  version "1.3.0"
  resolved "https://registry.yarnpkg.com/wicked-good-xpath/-/wicked-good-xpath-1.3.0.tgz#81b0e95e8650e49c94b22298fff8686b5553cf6c"
  integrity sha1-gbDpXoZQ5JyUsiKY//hoa1VTz2w=

xmldom-sre@^0.1.31:
  version "0.1.31"
  resolved "https://registry.yarnpkg.com/xmldom-sre/-/xmldom-sre-0.1.31.tgz#10860d5bab2c603144597d04bf2c4980e98067f4"
  integrity sha512-f9s+fUkX04BxQf+7mMWAp5zk61pciie+fFLC9hX9UVvCeJQfNHRHXpeo5MPcR0EUf57PYLdt+ZO4f3Ipk2oZUw==

xss@^1.0.9:
  version "1.0.9"
  resolved "https://registry.yarnpkg.com/xss/-/xss-1.0.9.tgz#3ffd565571ff60d2e40db7f3b80b4677bec770d2"
  integrity sha512-2t7FahYnGJys6DpHLhajusId7R0Pm2yTmuL0GV9+mV0ZlaLSnb2toBmppATfg5sWIhZQGlsTLoecSzya+l4EAQ==
  dependencies:
    commander "^2.20.3"
    cssfilter "0.0.10"
